
Microsoft Visual Studio Solution File, Format Version 12.00
# Visual Studio Version 17
VisualStudioVersion = 17.5.33627.172
MinimumVisualStudioVersion = 10.0.40219.1
Project("{FAE04EC0-301F-11D3-BF4B-00C04F79EFBC}") = "AnticCarShopMVC", "AnticCarShopMVC\AnticCarShopMVC.csproj", "{2A14BE75-E2A3-44E7-A93E-9379316ABCCC}"
EndProject
Global
	GlobalSection(SolutionConfigurationPlatforms) = preSolution
		Debug|Any CPU = Debug|Any CPU
		Release|Any CPU = Release|Any CPU
	EndGlobalSection
	GlobalSection(ProjectConfigurationPlatforms) = postSolution
		{2A14BE75-E2A3-44E7-A93E-9379316ABCCC}.Debug|Any CPU.ActiveCfg = Debug|Any CPU
		{2A14BE75-E2A3-44E7-A93E-9379316ABCCC}.Debug|Any CPU.Build.0 = Debug|Any CPU
		{2A14BE75-E2A3-44E7-A93E-9379316ABCCC}.Release|Any CPU.ActiveCfg = Release|Any CPU
		{2A14BE75-E2A3-44E7-A93E-9379316ABCCC}.Release|Any CPU.Build.0 = Release|Any CPU
	EndGlobalSection
	GlobalSection(SolutionProperties) = preSolution
		HideSolutionNode = FALSE
	EndGlobalSection
	GlobalSection(ExtensibilityGlobals) = postSolution
		SolutionGuid = {7DA0B34B-597A-4BEE-837C-90A5ED3C494C}
	EndGlobalSection
EndGlobal
